{
  "lockfileVersion": 1,
  "configVersion": 1,
  "workspaces": {
    "": {
      "name": "spacemolt-gateway",
      "dependencies": {
        "hono": "^4.0.0",
        "jose": "^5.0.0",
      },
    },
  },
  "packages": {
    "hono": ["hono@4.12.9", "", {}, "sha512-wy3T8Zm2bsEvxKZM5w21VdHDDcwVS1yUFFY6i8UobSsKfFceT7TOwhbhfKsDyx7tYQlmRM5FLpIuYvNFyjctiA=="],

    "jose": ["jose@5.10.0", "", {}, "sha512-s+3Al/p9g32Iq+oqXxkW//7jk2Vig6FF1CFqzVXoTUXt2qz89YWbL+OwS17NFYEvxC35n0FKeGO2LGYSxeM2Gg=="],
  }
}
